
Microsoft Visual Studio Solution File, Format Version 11.00
# Visual Studio 2010
Project("{F184B08F-C81C-45F6-A57F-5ABD9991F28F}") = "WindowsApplication1", "WindowsApplication1\WindowsApplication1.vbproj", "{6BDB7B09-E336-4027-AA01-67CEBD77C52A}"
EndProject
Project("{54435603-DBB4-11D2-8724-00A0C9A8B90C}") = "DesktopLock", "DesktopLock\DesktopLock.vdproj", "{7FE55F55-2F35-4102-9709-2C4CB28753DA}"
EndProject
Global
	GlobalSection(SolutionConfigurationPlatforms) = preSolution
		Debug|x86 = Debug|x86
		Release|x86 = Release|x86
	EndGlobalSection
	GlobalSection(ProjectConfigurationPlatforms) = postSolution
		{6BDB7B09-E336-4027-AA01-67CEBD77C52A}.Debug|x86.ActiveCfg = Debug|x86
		{6BDB7B09-E336-4027-AA01-67CEBD77C52A}.Debug|x86.Build.0 = Debug|x86
		{6BDB7B09-E336-4027-AA01-67CEBD77C52A}.Release|x86.ActiveCfg = Release|x86
		{6BDB7B09-E336-4027-AA01-67CEBD77C52A}.Release|x86.Build.0 = Release|x86
		{7FE55F55-2F35-4102-9709-2C4CB28753DA}.Debug|x86.ActiveCfg = Debug
		{7FE55F55-2F35-4102-9709-2C4CB28753DA}.Release|x86.ActiveCfg = Release
	EndGlobalSection
	GlobalSection(SolutionProperties) = preSolution
		HideSolutionNode = FALSE
	EndGlobalSection
EndGlobal
